
Microsoft Visual Studio Solution File, Format Version 12.00
# Visual Studio Version 17
VisualStudioVersion = 17.2.32630.192
MinimumVisualStudioVersion = 10.0.40219.1
Project("{FAE04EC0-301F-11D3-BF4B-00C04F79EFBC}") = "EmployeePayroll_MVC_AJAX", "EmployeePayroll_MVC_AJAX.csproj", "{A81729E5-3E26-42E3-8406-E0196E7923EF}"
EndProject
Global
	GlobalSection(SolutionConfigurationPlatforms) = preSolution
		Debug|Any CPU = Debug|Any CPU
		Release|Any CPU = Release|Any CPU
	EndGlobalSection
	GlobalSection(ProjectConfigurationPlatforms) = postSolution
		{A81729E5-3E26-42E3-8406-E0196E7923EF}.Debug|Any CPU.ActiveCfg = Debug|Any CPU
		{A81729E5-3E26-42E3-8406-E0196E7923EF}.Debug|Any CPU.Build.0 = Debug|Any CPU
		{A81729E5-3E26-42E3-8406-E0196E7923EF}.Release|Any CPU.ActiveCfg = Release|Any CPU
		{A81729E5-3E26-42E3-8406-E0196E7923EF}.Release|Any CPU.Build.0 = Release|Any CPU
	EndGlobalSection
	GlobalSection(SolutionProperties) = preSolution
		HideSolutionNode = FALSE
	EndGlobalSection
	GlobalSection(ExtensibilityGlobals) = postSolution
		SolutionGuid = {FAB15BF3-6F82-49B5-8EFB-83A5ADDF075E}
	EndGlobalSection
EndGlobal
